// !$*UTF8*$!
{
	archiveVersion = 1;
	classes = {
	};
	objectVersion = 51;
	objects = {

/* Begin PBXBuildFile section */
		4C24C763261B724700F5A53C /* MovieGridViewController.swift in Sources */ = {isa = PBXBuildFile; fileRef = 4C24C762261B724700F5A53C /* MovieGridViewController.swift */; };
		4C24C768261B7A7700F5A53C /* MovieGridCell.swift in Sources */ = {isa = PBXBuildFile; fileRef = 4C24C767261B7A7600F5A53C /* MovieGridCell.swift */; };
		4C6A3418261AD64A0060924C /* MovieDetailsViewController.swift in Sources */ = {isa = PBXBuildFile; fileRef = 4C6A3417261AD64A0060924C /* MovieDetailsViewController.swift */; };
		4CBDC6F52618FDF600BD82B0 /* AppDelegate.swift in Sources */ = {isa = PBXBuildFile; fileRef = 4CBDC6F42618FDF600BD82B0 /* AppDelegate.swift */; };
		4CBDC6F72618FDF600BD82B0 /* SceneDelegate.swift in Sources */ = {isa = PBXBuildFile; fileRef = 4CBDC6F62618FDF600BD82B0 /* SceneDelegate.swift */; };
		4CBDC6FC2618FDF600BD82B0 /* Main.storyboard in Resources */ = {isa = PBXBuildFile; fileRef = 4CBDC6FA2618FDF600BD82B0 /* Main.storyboard */; };
		4CBDC6FE2618FDF700BD82B0 /* Assets.xcassets in Resources */ = {isa = PBXBuildFile; fileRef = 4CBDC6FD2618FDF700BD82B0 /* Assets.xcassets */; };
		4CBDC7012618FDF700BD82B0 /* LaunchScreen.storyboard in Resources */ = {isa = PBXBuildFile; fileRef = 4CBDC6FF2618FDF700BD82B0 /* LaunchScreen.storyboard */; };
		4CBDC70C2618FDF800BD82B0 /* FlixsterTests.swift in Sources */ = {isa = PBXBuildFile; fileRef = 4CBDC70B2618FDF800BD82B0 /* FlixsterTests.swift */; };
		4CBDC7172618FDF800BD82B0 /* FlixsterUITests.swift in Sources */ = {isa = PBXBuildFile; fileRef = 4CBDC7162618FDF800BD82B0 /* FlixsterUITests.swift */; };
		4CBDC72B2619006600BD82B0 /* MovieViewController.swift in Sources */ = {isa = PBXBuildFile; fileRef = 4CBDC72A2619006600BD82B0 /* MovieViewController.swift */; };
		4CBDC730261929D000BD82B0 /* MovieCell.swift in Sources */ = {isa = PBXBuildFile; fileRef = 4CBDC72F261929D000BD82B0 /* MovieCell.swift */; };
		6C300B36CB5BFB6530607447 /* Pods_FlixsterTests.framework in Frameworks */ = {isa = PBXBuildFile; fileRef = C6398E48B4DDC4651E56207C /* Pods_FlixsterTests.framework */; };
		8B32BF8EC7B4BBEE7BE76A17 /* Pods_Flixster.framework in Frameworks */ = {isa = PBXBuildFile; fileRef = 0AC0086A21ED67DCCD0DEA8B /* Pods_Flixster.framework */; };
		B41DE85F778D5E034A4B6017 /* Pods_Flixster_FlixsterUITests.framework in Frameworks */ = {isa = PBXBuildFile; fileRef = 4FD0250BAC0014A4F2B6ABF5 /* Pods_Flixster_FlixsterUITests.framework */; };
/* End PBXBuildFile section */

/* Begin PBXContainerItemProxy section */
		4CBDC7082618FDF800BD82B0 /* PBXContainerItemProxy */ = {
			isa = PBXContainerItemProxy;
			containerPortal = 4CBDC6E92618FDF600BD82B0 /* Project object */;
			proxyType = 1;
			remoteGlobalIDString = 4CBDC6F02618FDF600BD82B0;
			remoteInfo = Flixster;
		};
		4CBDC7132618FDF800BD82B0 /* PBXContainerItemProxy */ = {
			isa = PBXContainerItemProxy;
			containerPortal = 4CBDC6E92618FDF600BD82B0 /* Project object */;
			proxyType = 1;
			remoteGlobalIDString = 4CBDC6F02618FDF600BD82B0;
			remoteInfo = Flixster;
		};
/* End PBXContainerItemProxy section */

/* Begin PBXFileReference section */
		0AC0086A21ED67DCCD0DEA8B /* Pods_Flixster.framework */ = {isa = PBXFileReference; explicitFileType = wrapper.framework; includeInIndex = 0; path = Pods_Flixster.framework; sourceTree = BUILT_PRODUCTS_DIR; };
		320F18221E854C4EB716F245 /* Pods-FlixsterTests.debug.xcconfig */ = {isa = PBXFileReference; includeInIndex = 1; lastKnownFileType = text.xcconfig; name = "Pods-FlixsterTests.debug.xcconfig"; path = "Target Support Files/Pods-FlixsterTests/Pods-FlixsterTests.debug.xcconfig"; sourceTree = "<group>"; };
		3A63D31B5AF92247395E11C6 /* Pods-FlixsterTests.release.xcconfig */ = {isa = PBXFileReference; includeInIndex = 1; lastKnownFileType = text.xcconfig; name = "Pods-FlixsterTests.release.xcconfig"; path = "Target Support Files/Pods-FlixsterTests/Pods-FlixsterTests.release.xcconfig"; sourceTree = "<group>"; };
		4C24C762261B724700F5A53C /* MovieGridViewController.swift */ = {isa = PBXFileReference; lastKnownFileType = sourcecode.swift; path = MovieGridViewController.swift; sourceTree = "<group>"; };
		4C24C767261B7A7600F5A53C /* MovieGridCell.swift */ = {isa = PBXFileReference; lastKnownFileType = sourcecode.swift; path = MovieGridCell.swift; sourceTree = "<group>"; };
		4C6A3417261AD64A0060924C /* MovieDetailsViewController.swift */ = {isa = PBXFileReference; lastKnownFileType = sourcecode.swift; path = MovieDetailsViewController.swift; sourceTree = "<group>"; };
		4CBDC6F12618FDF600BD82B0 /* Flixster.app */ = {isa = PBXFileReference; explicitFileType = wrapper.application; includeInIndex = 0; path = Flixster.app; sourceTree = BUILT_PRODUCTS_DIR; };
		4CBDC6F42618FDF600BD82B0 /* AppDelegate.swift */ = {isa = PBXFileReference; lastKnownFileType = sourcecode.swift; path = AppDelegate.swift; sourceTree = "<group>"; };
		4CBDC6F62618FDF600BD82B0 /* SceneDelegate.swift */ = {isa = PBXFileReference; lastKnownFileType = sourcecode.swift; path = SceneDelegate.swift; sourceTree = "<group>"; };
		4CBDC6FB2618FDF600BD82B0 /* Base */ = {isa = PBXFileReference; lastKnownFileType = file.storyboard; name = Base; path = Base.lproj/Main.storyboard; sourceTree = "<group>"; };
		4CBDC6FD2618FDF700BD82B0 /* Assets.xcassets */ = {isa = PBXFileReference; lastKnownFileType = folder.assetcatalog; path = Assets.xcassets; sourceTree = "<group>"; };
		4CBDC7002618FDF700BD82B0 /* Base */ = {isa = PBXFileReference; lastKnownFileType = file.storyboard; name = Base; path = Base.lproj/LaunchScreen.storyboard; sourceTree = "<group>"; };
		4CBDC7022618FDF700BD82B0 /* Info.plist */ = {isa = PBXFileReference; lastKnownFileType = text.plist.xml; path = Info.plist; sourceTree = "<group>"; };
		4CBDC7072618FDF800BD82B0 /* FlixsterTests.xctest */ = {isa = PBXFileReference; explicitFileType = wrapper.cfbundle; includeInIndex = 0; path = FlixsterTests.xctest; sourceTree = BUILT_PRODUCTS_DIR; };
		4CBDC70B2618FDF800BD82B0 /* FlixsterTests.swift */ = {isa = PBXFileReference; lastKnownFileType = sourcecode.swift; path = FlixsterTests.swift; sourceTree = "<group>"; };
		4CBDC70D2618FDF800BD82B0 /* Info.plist */ = {isa = PBXFileReference; lastKnownFileType = text.plist.xml; path = Info.plist; sourceTree = "<group>"; };
		4CBDC7122618FDF800BD82B0 /* FlixsterUITests.xctest */ = {isa = PBXFileReference; explicitFileType = wrapper.cfbundle; includeInIndex = 0; path = FlixsterUITests.xctest; sourceTree = BUILT_PRODUCTS_DIR; };
		4CBDC7162618FDF800BD82B0 /* FlixsterUITests.swift */ = {isa = PBXFileReference; lastKnownFileType = sourcecode.swift; path = FlixsterUITests.swift; sourceTree = "<group>"; };
		4CBDC7182618FDF800BD82B0 /* Info.plist */ = {isa = PBXFileReference; lastKnownFileType = text.plist.xml; path = Info.plist; sourceTree = "<group>"; };
		4CBDC72A2619006600BD82B0 /* MovieViewController.swift */ = {isa = PBXFileReference; lastKnownFileType = sourcecode.swift; path = MovieViewController.swift; sourceTree = "<group>"; };
		4CBDC72F261929D000BD82B0 /* MovieCell.swift */ = {isa = PBXFileReference; lastKnownFileType = sourcecode.swift; path = MovieCell.swift; sourceTree = "<group>"; };
		4FD0250BAC0014A4F2B6ABF5 /* Pods_Flixster_FlixsterUITests.framework */ = {isa = PBXFileReference; explicitFileType = wrapper.framework; includeInIndex = 0; path = Pods_Flixster_FlixsterUITests.framework; sourceTree = BUILT_PRODUCTS_DIR; };
		711F8A5986D53D67C2C7B697 /* Pods-Flixster.release.xcconfig */ = {isa = PBXFileReference; includeInIndex = 1; lastKnownFileType = text.xcconfig; name = "Pods-Flixster.release.xcconfig"; path = "Target Support Files/Pods-Flixster/Pods-Flixster.release.xcconfig"; sourceTree = "<group>"; };
		C6398E48B4DDC4651E56207C /* Pods_FlixsterTests.framework */ = {isa = PBXFileReference; explicitFileType = wrapper.framework; includeInIndex = 0; path = Pods_FlixsterTests.framework; sourceTree = BUILT_PRODUCTS_DIR; };
		E7DDC878FFF27D7F480AE326 /* Pods-Flixster-FlixsterUITests.release.xcconfig */ = {isa = PBXFileReference; includeInIndex = 1; lastKnownFileType = text.xcconfig; name = "Pods-Flixster-FlixsterUITests.release.xcconfig"; path = "Target Support Files/Pods-Flixster-FlixsterUITests/Pods-Flixster-FlixsterUITests.release.xcconfig"; sourceTree = "<group>"; };
		E9F0C0CF986AEE3BD03A8DA7 /* Pods-Flixster-FlixsterUITests.debug.xcconfig */ = {isa = PBXFileReference; includeInIndex = 1; lastKnownFileType = text.xcconfig; name = "Pods-Flixster-FlixsterUITests.debug.xcconfig"; path = "Target Support Files/Pods-Flixster-FlixsterUITests/Pods-Flixster-FlixsterUITests.debug.xcconfig"; sourceTree = "<group>"; };
		F7F738C12C84576F09B663DD /* Pods-Flixster.debug.xcconfig */ = {isa = PBXFileReference; includeInIndex = 1; lastKnownFileType = text.xcconfig; name = "Pods-Flixster.debug.xcconfig"; path = "Target Support Files/Pods-Flixster/Pods-Flixster.debug.xcconfig"; sourceTree = "<group>"; };
/* End PBXFileReference section */

/* Begin PBXFrameworksBuildPhase section */
		4CBDC6EE2618FDF600BD82B0 /* Frameworks */ = {
			isa = PBXFrameworksBuildPhase;
			buildActionMask = 2147483647;
			files = (
				8B32BF8EC7B4BBEE7BE76A17 /* Pods_Flixster.framework in Frameworks */,
			);
			runOnlyForDeploymentPostprocessing = 0;
		};
		4CBDC7042618FDF800BD82B0 /* Frameworks */ = {
			isa = PBXFrameworksBuildPhase;
			buildActionMask = 2147483647;
			files = (
				6C300B36CB5BFB6530607447 /* Pods_FlixsterTests.framework in Frameworks */,
			);
			runOnlyForDeploymentPostprocessing = 0;
		};
		4CBDC70F2618FDF800BD82B0 /* Frameworks */ = {
			isa = PBXFrameworksBuildPhase;
			buildActionMask = 2147483647;
			files = (
				B41DE85F778D5E034A4B6017 /* Pods_Flixster_FlixsterUITests.framework in Frameworks */,
			);
			runOnlyForDeploymentPostprocessing = 0;
		};
/* End PBXFrameworksBuildPhase section */

/* Begin PBXGroup section */
		445FF7846D4FCB46E563F9CB /* Frameworks */ = {
			isa = PBXGroup;
			children = (
				0AC0086A21ED67DCCD0DEA8B /* Pods_Flixster.framework */,
				4FD0250BAC0014A4F2B6ABF5 /* Pods_Flixster_FlixsterUITests.framework */,
				C6398E48B4DDC4651E56207C /* Pods_FlixsterTests.framework */,
			);
			name = Frameworks;
			sourceTree = "<group>";
		};
		4CBDC6E82618FDF600BD82B0 = {
			isa = PBXGroup;
			children = (
				4CBDC6F32618FDF600BD82B0 /* Flixster */,
				4CBDC70A2618FDF800BD82B0 /* FlixsterTests */,
				4CBDC7152618FDF800BD82B0 /* FlixsterUITests */,
				4CBDC6F22618FDF600BD82B0 /* Products */,
				9DFB30CE2B34E507756E89A9 /* Pods */,
				445FF7846D4FCB46E563F9CB /* Frameworks */,
			);
			sourceTree = "<group>";
		};
		4CBDC6F22618FDF600BD82B0 /* Products */ = {
			isa = PBXGroup;
			children = (
				4CBDC6F12618FDF600BD82B0 /* Flixster.app */,
				4CBDC7072618FDF800BD82B0 /* FlixsterTests.xctest */,
				4CBDC7122618FDF800BD82B0 /* FlixsterUITests.xctest */,
			);
			name = Products;
			sourceTree = "<group>";
		};
		4CBDC6F32618FDF600BD82B0 /* Flixster */ = {
			isa = PBXGroup;
			children = (
				4CBDC6F42618FDF600BD82B0 /* AppDelegate.swift */,
				4CBDC6F62618FDF600BD82B0 /* SceneDelegate.swift */,
				4CBDC6FA2618FDF600BD82B0 /* Main.storyboard */,
				4CBDC72F261929D000BD82B0 /* MovieCell.swift */,
				4CBDC6FD2618FDF700BD82B0 /* Assets.xcassets */,
				4CBDC6FF2618FDF700BD82B0 /* LaunchScreen.storyboard */,
				4CBDC7022618FDF700BD82B0 /* Info.plist */,
				4CBDC72A2619006600BD82B0 /* MovieViewController.swift */,
				4C6A3417261AD64A0060924C /* MovieDetailsViewController.swift */,
				4C24C762261B724700F5A53C /* MovieGridViewController.swift */,
				4C24C767261B7A7600F5A53C /* MovieGridCell.swift */,
			);
			path = Flixster;
			sourceTree = "<group>";
		};
		4CBDC70A2618FDF800BD82B0 /* FlixsterTests */ = {
			isa = PBXGroup;
			children = (
				4CBDC70B2618FDF800BD82B0 /* FlixsterTests.swift */,
				4CBDC70D2618FDF800BD82B0 /* Info.plist */,
			);
			path = FlixsterTests;
			sourceTree = "<group>";
		};
		4CBDC7152618FDF800BD82B0 /* FlixsterUITests */ = {
			isa = PBXGroup;
			children = (
				4CBDC7162618FDF800BD82B0 /* FlixsterUITests.swift */,
				4CBDC7182618FDF800BD82B0 /* Info.plist */,
			);
			path = FlixsterUITests;
			sourceTree = "<group>";
		};
		9DFB30CE2B34E507756E89A9 /* Pods */ = {
			isa = PBXGroup;
			children = (
				F7F738C12C84576F09B663DD /* Pods-Flixster.debug.xcconfig */,
				711F8A5986D53D67C2C7B697 /* Pods-Flixster.release.xcconfig */,
				E9F0C0CF986AEE3BD03A8DA7 /* Pods-Flixster-FlixsterUITests.debug.xcconfig */,
				E7DDC878FFF27D7F480AE326 /* Pods-Flixster-FlixsterUITests.release.xcconfig */,
				320F18221E854C4EB716F245 /* Pods-FlixsterTests.debug.xcconfig */,
				3A63D31B5AF92247395E11C6 /* Pods-FlixsterTests.release.xcconfig */,
			);
			path = Pods;
			sourceTree = "<group>";
		};
/* End PBXGroup section */

/* Begin PBXNativeTarget section */
		4CBDC6F02618FDF600BD82B0 /* Flixster */ = {
			isa = PBXNativeTarget;
			buildConfigurationList = 4CBDC71B2618FDF800BD82B0 /* Build configuration list for PBXNativeTarget "Flixster" */;
			buildPhases = (
				949E12B05E041E833C11D92C /* [CP] Check Pods Manifest.lock */,
				4CBDC6ED2618FDF600BD82B0 /* Sources */,
				4CBDC6EE2618FDF600BD82B0 /* Frameworks */,
				4CBDC6EF2618FDF600BD82B0 /* Resources */,
				D139F0169C748A95B55756FD /* [CP] Embed Pods Frameworks */,
			);
			buildRules = (
			);
			dependencies = (
			);
			name = Flixster;
			productName = Flixster;
			productReference = 4CBDC6F12618FDF600BD82B0 /* Flixster.app */;
			productType = "com.apple.product-type.application";
		};
		4CBDC7062618FDF800BD82B0 /* FlixsterTests */ = {
			isa = PBXNativeTarget;
			buildConfigurationList = 4CBDC71E2618FDF800BD82B0 /* Build configuration list for PBXNativeTarget "FlixsterTests" */;
			buildPhases = (
				24054CDA724E0171A0531C37 /* [CP] Check Pods Manifest.lock */,
				4CBDC7032618FDF800BD82B0 /* Sources */,
				4CBDC7042618FDF800BD82B0 /* Frameworks */,
				4CBDC7052618FDF800BD82B0 /* Resources */,
			);
			buildRules = (
			);
			dependencies = (
				4CBDC7092618FDF800BD82B0 /* PBXTargetDependency */,
			);
			name = FlixsterTests;
			productName = FlixsterTests;
			productReference = 4CBDC7072618FDF800BD82B0 /* FlixsterTests.xctest */;
			productType = "com.apple.product-type.bundle.unit-test";
		};
		4CBDC7112618FDF800BD82B0 /* FlixsterUITests */ = {
			isa = PBXNativeTarget;
			buildConfigurationList = 4CBDC7212618FDF800BD82B0 /* Build configuration list for PBXNativeTarget "FlixsterUITests" */;
			buildPhases = (
				E33D6AF76BEA3D0BED611124 /* [CP] Check Pods Manifest.lock */,
				4CBDC70E2618FDF800BD82B0 /* Sources */,
				4CBDC70F2618FDF800BD82B0 /* Frameworks */,
				4CBDC7102618FDF800BD82B0 /* Resources */,
				D24613CEBF365FBFE85A7430 /* [CP] Embed Pods Frameworks */,
			);
			buildRules = (
			);
			dependencies = (
				4CBDC7142618FDF800BD82B0 /* PBXTargetDependency */,
			);
			name = FlixsterUITests;
			productName = FlixsterUITests;
			productReference = 4CBDC7122618FDF800BD82B0 /* FlixsterUITests.xctest */;
			productType = "com.apple.product-type.bundle.ui-testing";
		};
/* End PBXNativeTarget section */

/* Begin PBXProject section */
		4CBDC6E92618FDF600BD82B0 /* Project object */ = {
			isa = PBXProject;
			attributes = {
				LastSwiftUpdateCheck = 1240;
				LastUpgradeCheck = 1240;
				TargetAttributes = {
					4CBDC6F02618FDF600BD82B0 = {
						CreatedOnToolsVersion = 12.4;
					};
					4CBDC7062618FDF800BD82B0 = {
						CreatedOnToolsVersion = 12.4;
						TestTargetID = 4CBDC6F02618FDF600BD82B0;
					};
					4CBDC7112618FDF800BD82B0 = {
						CreatedOnToolsVersion = 12.4;
						TestTargetID = 4CBDC6F02618FDF600BD82B0;
					};
				};
			};
			buildConfigurationList = 4CBDC6EC2618FDF600BD82B0 /* Build configuration list for PBXProject "Flixster" */;
			compatibilityVersion = "Xcode 9.3";
			developmentRegion = en;
			hasScannedForEncodings = 0;
			knownRegions = (
				en,
				Base,
			);
			mainGroup = 4CBDC6E82618FDF600BD82B0;
			productRefGroup = 4CBDC6F22618FDF600BD82B0 /* Products */;
			projectDirPath = "";
			projectRoot = "";
			targets = (
				4CBDC6F02618FDF600BD82B0 /* Flixster */,
				4CBDC7062618FDF800BD82B0 /* FlixsterTests */,
				4CBDC7112618FDF800BD82B0 /* FlixsterUITests */,
			);
		};
/* End PBXProject section */

/* Begin PBXResourcesBuildPhase section */
		4CBDC6EF2618FDF600BD82B0 /* Resources */ = {
			isa = PBXResourcesBuildPhase;
			buildActionMask = 2147483647;
			files = (
				4CBDC7012618FDF700BD82B0 /* LaunchScreen.storyboard in Resources */,
				4CBDC6FE2618FDF700BD82B0 /* Assets.xcassets in Resources */,
				4CBDC6FC2618FDF600BD82B0 /* Main.storyboard in Resources */,
			);
			runOnlyForDeploymentPostprocessing = 0;
		};
		4CBDC7052618FDF800BD82B0 /* Resources */ = {
			isa = PBXResourcesBuildPhase;
			buildActionMask = 2147483647;
			files = (
			);
			runOnlyForDeploymentPostprocessing = 0;
		};
		4CBDC7102618FDF800BD82B0 /* Resources */ = {
			isa = PBXResourcesBuildPhase;
			buildActionMask = 2147483647;
			files = (
			);
			runOnlyForDeploymentPostprocessing = 0;
		};
/* End PBXResourcesBuildPhase section */

/* Begin PBXShellScriptBuildPhase section */
		24054CDA724E0171A0531C37 /* [CP] Check Pods Manifest.lock */ = {
			isa = PBXShellScriptBuildPhase;
			buildActionMask = 2147483647;
			files = (
			);
			inputFileListPaths = (
			);
			inputPaths = (
				"${PODS_PODFILE_DIR_PATH}/Podfile.lock",
				"${PODS_ROOT}/Manifest.lock",
			);
			name = "[CP] Check Pods Manifest.lock";
			outputFileListPaths = (
			);
			outputPaths = (
				"$(DERIVED_FILE_DIR)/Pods-FlixsterTests-checkManifestLockResult.txt",
			);
			runOnlyForDeploymentPostprocessing = 0;
			shellPath = /bin/sh;
			shellScript = "diff \"${PODS_PODFILE_DIR_PATH}/Podfile.lock\" \"${PODS_ROOT}/Manifest.lock\" > /dev/null\nif [ $? != 0 ] ; then\n    # print error to STDERR\n    echo \"error: The sandbox is not in sync with the Podfile.lock. Run 'pod install' or update your CocoaPods installation.\" >&2\n    exit 1\nfi\n# This output is used by Xcode 'outputs' to avoid re-running this script phase.\necho \"SUCCESS\" > \"${SCRIPT_OUTPUT_FILE_0}\"\n";
			showEnvVarsInLog = 0;
		};
		949E12B05E041E833C11D92C /* [CP] Check Pods Manifest.lock */ = {
			isa = PBXShellScriptBuildPhase;
			buildActionMask = 2147483647;
			files = (
			);
			inputFileListPaths = (
			);
			inputPaths = (
				"${PODS_PODFILE_DIR_PATH}/Podfile.lock",
				"${PODS_ROOT}/Manifest.lock",
			);
			name = "[CP] Check Pods Manifest.lock";
			outputFileListPaths = (
			);
			outputPaths = (
				"$(DERIVED_FILE_DIR)/Pods-Flixster-checkManifestLockResult.txt",
			);
			runOnlyForDeploymentPostprocessing = 0;
			shellPath = /bin/sh;
			shellScript = "diff \"${PODS_PODFILE_DIR_PATH}/Podfile.lock\" \"${PODS_ROOT}/Manifest.lock\" > /dev/null\nif [ $? != 0 ] ; then\n    # print error to STDERR\n    echo \"error: The sandbox is not in sync with the Podfile.lock. Run 'pod install' or update your CocoaPods installation.\" >&2\n    exit 1\nfi\n# This output is used by Xcode 'outputs' to avoid re-running this script phase.\necho \"SUCCESS\" > \"${SCRIPT_OUTPUT_FILE_0}\"\n";
			showEnvVarsInLog = 0;
		};
		D139F0169C748A95B55756FD /* [CP] Embed Pods Frameworks */ = {
			isa = PBXShellScriptBuildPhase;
			buildActionMask = 2147483647;
			files = (
			);
			inputFileListPaths = (
				"${PODS_ROOT}/Target Support Files/Pods-Flixster/Pods-Flixster-frameworks-${CONFIGURATION}-input-files.xcfilelist",
			);
			name = "[CP] Embed Pods Frameworks";
			outputFileListPaths = (
				"${PODS_ROOT}/Target Support Files/Pods-Flixster/Pods-Flixster-frameworks-${CONFIGURATION}-output-files.xcfilelist",
			);
			runOnlyForDeploymentPostprocessing = 0;
			shellPath = /bin/sh;
			shellScript = "\"${PODS_ROOT}/Target Support Files/Pods-Flixster/Pods-Flixster-frameworks.sh\"\n";
			showEnvVarsInLog = 0;
		};
		D24613CEBF365FBFE85A7430 /* [CP] Embed Pods Frameworks */ = {
			isa = PBXShellScriptBuildPhase;
			buildActionMask = 2147483647;
			files = (
			);
			inputFileListPaths = (
				"${PODS_ROOT}/Target Support Files/Pods-Flixster-FlixsterUITests/Pods-Flixster-FlixsterUITests-frameworks-${CONFIGURATION}-input-files.xcfilelist",
			);
			name = "[CP] Embed Pods Frameworks";
			outputFileListPaths = (
				"${PODS_ROOT}/Target Support Files/Pods-Flixster-FlixsterUITests/Pods-Flixster-FlixsterUITests-frameworks-${CONFIGURATION}-output-files.xcfilelist",
			);
			runOnlyForDeploymentPostprocessing = 0;
			shellPath = /bin/sh;
			shellScript = "\"${PODS_ROOT}/Target Support Files/Pods-Flixster-FlixsterUITests/Pods-Flixster-FlixsterUITests-frameworks.sh\"\n";
			showEnvVarsInLog = 0;
		};
		E33D6AF76BEA3D0BED611124 /* [CP] Check Pods Manifest.lock */ = {
			isa = PBXShellScriptBuildPhase;
			buildActionMask = 2147483647;
			files = (
			);
			inputFileListPaths = (
			);
			inputPaths = (
				"${PODS_PODFILE_DIR_PATH}/Podfile.lock",
				"${PODS_ROOT}/Manifest.lock",
			);
			name = "[CP] Check Pods Manifest.lock";
			outputFileListPaths = (
			);
			outputPaths = (
				"$(DERIVED_FILE_DIR)/Pods-Flixster-FlixsterUITests-checkManifestLockResult.txt",
			);
			runOnlyForDeploymentPostprocessing = 0;
			shellPath = /bin/sh;
			shellScript = "diff \"${PODS_PODFILE_DIR_PATH}/Podfile.lock\" \"${PODS_ROOT}/Manifest.lock\" > /dev/null\nif [ $? != 0 ] ; then\n    # print error to STDERR\n    echo \"error: The sandbox is not in sync with the Podfile.lock. Run 'pod install' or update your CocoaPods installation.\" >&2\n    exit 1\nfi\n# This output is used by Xcode 'outputs' to avoid re-running this script phase.\necho \"SUCCESS\" > \"${SCRIPT_OUTPUT_FILE_0}\"\n";
			showEnvVarsInLog = 0;
		};
/* End PBXShellScriptBuildPhase section */

/* Begin PBXSourcesBuildPhase section */
		4CBDC6ED2618FDF600BD82B0 /* Sources */ = {
			isa = PBXSourcesBuildPhase;
			buildActionMask = 2147483647;
			files = (
				4C6A3418261AD64A0060924C /* MovieDetailsViewController.swift in Sources */,
				4CBDC6F52618FDF600BD82B0 /* AppDelegate.swift in Sources */,
				4CBDC6F72618FDF600BD82B0 /* SceneDelegate.swift in Sources */,
				4CBDC730261929D000BD82B0 /* MovieCell.swift in Sources */,
				4CBDC72B2619006600BD82B0 /* MovieViewController.swift in Sources */,
				4C24C763261B724700F5A53C /* MovieGridViewController.swift in Sources */,
				4C24C768261B7A7700F5A53C /* MovieGridCell.swift in Sources */,
			);
			runOnlyForDeploymentPostprocessing = 0;
		};
		4CBDC7032618FDF800BD82B0 /* Sources */ = {
			isa = PBXSourcesBuildPhase;
			buildActionMask = 2147483647;
			files = (
				4CBDC70C2618FDF800BD82B0 /* FlixsterTests.swift in Sources */,
			);
			runOnlyForDeploymentPostprocessing = 0;
		};
		4CBDC70E2618FDF800BD82B0 /* Sources */ = {
			isa = PBXSourcesBuildPhase;
			buildActionMask = 2147483647;
			files = (
				4CBDC7172618FDF800BD82B0 /* FlixsterUITests.swift in Sources */,
			);
			runOnlyForDeploymentPostprocessing = 0;
		};
/* End PBXSourcesBuildPhase section */

/* Begin PBXTargetDependency section */
		4CBDC7092618FDF800BD82B0 /* PBXTargetDependency */ = {
			isa = PBXTargetDependency;
			target = 4CBDC6F02618FDF600BD82B0 /* Flixster */;
			targetProxy = 4CBDC7082618FDF800BD82B0 /* PBXContainerItemProxy */;
		};
		4CBDC7142618FDF800BD82B0 /* PBXTargetDependency */ = {
			isa = PBXTargetDependency;
			target = 4CBDC6F02618FDF600BD82B0 /* Flixster */;
			targetProxy = 4CBDC7132618FDF800BD82B0 /* PBXContainerItemProxy */;
		};
/* End PBXTargetDependency section */

/* Begin PBXVariantGroup section */
		4CBDC6FA2618FDF600BD82B0 /* Main.storyboard */ = {
			isa = PBXVariantGroup;
			children = (
				4CBDC6FB2618FDF600BD82B0 /* Base */,
			);
			name = Main.storyboard;
			sourceTree = "<group>";
		};
		4CBDC6FF2618FDF700BD82B0 /* LaunchScreen.storyboard */ = {
			isa = PBXVariantGroup;
			children = (
				4CBDC7002618FDF700BD82B0 /* Base */,
			);
			name = LaunchScreen.storyboard;
			sourceTree = "<group>";
		};
/* End PBXVariantGroup section */

/* Begin XCBuildConfiguration section */
		4CBDC7192618FDF800BD82B0 /* Debug */ = {
			isa = XCBuildConfiguration;
			buildSettings = {
				ALWAYS_SEARCH_USER_PATHS = NO;
				CLANG_ANALYZER_NONNULL = YES;
				CLANG_ANALYZER_NUMBER_OBJECT_CONVERSION = YES_AGGRESSIVE;
				CLANG_CXX_LANGUAGE_STANDARD = "gnu++14";
				CLANG_CXX_LIBRARY = "libc++";
				CLANG_ENABLE_MODULES = YES;
				CLANG_ENABLE_OBJC_ARC = YES;
				CLANG_ENABLE_OBJC_WEAK = YES;
				CLANG_WARN_BLOCK_CAPTURE_AUTORELEASING = YES;
				CLANG_WARN_BOOL_CONVERSION = YES;
				CLANG_WARN_COMMA = YES;
				CLANG_WARN_CONSTANT_CONVERSION = YES;
				CLANG_WARN_DEPRECATED_OBJC_IMPLEMENTATIONS = YES;
				CLANG_WARN_DIRECT_OBJC_ISA_USAGE = YES_ERROR;
				CLANG_WARN_DOCUMENTATION_COMMENTS = YES;
				CLANG_WARN_EMPTY_BODY = YES;
				CLANG_WARN_ENUM_CONVERSION = YES;
				CLANG_WARN_INFINITE_RECURSION = YES;
				CLANG_WARN_INT_CONVERSION = YES;
				CLANG_WARN_NON_LITERAL_NULL_CONVERSION = YES;
				CLANG_WARN_OBJC_IMPLICIT_RETAIN_SELF = YES;
				CLANG_WARN_OBJC_LITERAL_CONVERSION = YES;
				CLANG_WARN_OBJC_ROOT_CLASS = YES_ERROR;
				CLANG_WARN_QUOTED_INCLUDE_IN_FRAMEWORK_HEADER = YES;
				CLANG_WARN_RANGE_LOOP_ANALYSIS = YES;
				CLANG_WARN_STRICT_PROTOTYPES = YES;
				CLANG_WARN_SUSPICIOUS_MOVE = YES;
				CLANG_WARN_UNGUARDED_AVAILABILITY = YES_AGGRESSIVE;
				CLANG_WARN_UNREACHABLE_CODE = YES;
				CLANG_WARN__DUPLICATE_METHOD_MATCH = YES;
				COPY_PHASE_STRIP = NO;
				DEBUG_INFORMATION_FORMAT = dwarf;
				ENABLE_STRICT_OBJC_MSGSEND = YES;
				ENABLE_TESTABILITY = YES;
				GCC_C_LANGUAGE_STANDARD = gnu11;
				GCC_DYNAMIC_NO_PIC = NO;
				GCC_NO_COMMON_BLOCKS = YES;
				GCC_OPTIMIZATION_LEVEL = 0;
				GCC_PREPROCESSOR_DEFINITIONS = (
					"DEBUG=1",
					"$(inherited)",
				);
				GCC_WARN_64_TO_32_BIT_CONVERSION = YES;
				GCC_WARN_ABOUT_RETURN_TYPE = YES_ERROR;
				GCC_WARN_UNDECLARED_SELECTOR = YES;
				GCC_WARN_UNINITIALIZED_AUTOS = YES_AGGRESSIVE;
				GCC_WARN_UNUSED_FUNCTION = YES;
				GCC_WARN_UNUSED_VARIABLE = YES;
				IPHONEOS_DEPLOYMENT_TARGET = 14.4;
				MTL_ENABLE_DEBUG_INFO = INCLUDE_SOURCE;
				MTL_FAST_MATH = YES;
				ONLY_ACTIVE_ARCH = YES;
				SDKROOT = iphoneos;
				SWIFT_ACTIVE_COMPILATION_CONDITIONS = DEBUG;
				SWIFT_OPTIMIZATION_LEVEL = "-Onone";
			};
			name = Debug;
		};
		4CBDC71A2618FDF800BD82B0 /* Release */ = {
			isa = XCBuildConfiguration;
			buildSettings = {
				ALWAYS_SEARCH_USER_PATHS = NO;
				CLANG_ANALYZER_NONNULL = YES;
				CLANG_ANALYZER_NUMBER_OBJECT_CONVERSION = YES_AGGRESSIVE;
				CLANG_CXX_LANGUAGE_STANDARD = "gnu++14";
				CLANG_CXX_LIBRARY = "libc++";
				CLANG_ENABLE_MODULES = YES;
				CLANG_ENABLE_OBJC_ARC = YES;
				CLANG_ENABLE_OBJC_WEAK = YES;
				CLANG_WARN_BLOCK_CAPTURE_AUTORELEASING = YES;
				CLANG_WARN_BOOL_CONVERSION = YES;
				CLANG_WARN_COMMA = YES;
				CLANG_WARN_CONSTANT_CONVERSION = YES;
				CLANG_WARN_DEPRECATED_OBJC_IMPLEMENTATIONS = YES;
				CLANG_WARN_DIRECT_OBJC_ISA_USAGE = YES_ERROR;
				CLANG_WARN_DOCUMENTATION_COMMENTS = YES;
				CLANG_WARN_EMPTY_BODY = YES;
				CLANG_WARN_ENUM_CONVERSION = YES;
				CLANG_WARN_INFINITE_RECURSION = YES;
				CLANG_WARN_INT_CONVERSION = YES;
				CLANG_WARN_NON_LITERAL_NULL_CONVERSION = YES;
				CLANG_WARN_OBJC_IMPLICIT_RETAIN_SELF = YES;
				CLANG_WARN_OBJC_LITERAL_CONVERSION = YES;
				CLANG_WARN_OBJC_ROOT_CLASS = YES_ERROR;
				CLANG_WARN_QUOTED_INCLUDE_IN_FRAMEWORK_HEADER = YES;
				CLANG_WARN_RANGE_LOOP_ANALYSIS = YES;
				CLANG_WARN_STRICT_PROTOTYPES = YES;
				CLANG_WARN_SUSPICIOUS_MOVE = YES;
				CLANG_WARN_UNGUARDED_AVAILABILITY = YES_AGGRESSIVE;
				CLANG_WARN_UNREACHABLE_CODE = YES;
				CLANG_WARN__DUPLICATE_METHOD_MATCH = YES;
				COPY_PHASE_STRIP = NO;
				DEBUG_INFORMATION_FORMAT = "dwarf-with-dsym";
				ENABLE_NS_ASSERTIONS = NO;
				ENABLE_STRICT_OBJC_MSGSEND = YES;
				GCC_C_LANGUAGE_STANDARD = gnu11;
				GCC_NO_COMMON_BLOCKS = YES;
				GCC_WARN_64_TO_32_BIT_CONVERSION = YES;
				GCC_WARN_ABOUT_RETURN_TYPE = YES_ERROR;
				GCC_WARN_UNDECLARED_SELECTOR = YES;
				GCC_WARN_UNINITIALIZED_AUTOS = YES_AGGRESSIVE;
				GCC_WARN_UNUSED_FUNCTION = YES;
				GCC_WARN_UNUSED_VARIABLE = YES;
				IPHONEOS_DEPLOYMENT_TARGET = 14.4;
				MTL_ENABLE_DEBUG_INFO = NO;
				MTL_FAST_MATH = YES;
				SDKROOT = iphoneos;
				SWIFT_COMPILATION_MODE = wholemodule;
				SWIFT_OPTIMIZATION_LEVEL = "-O";
				VALIDATE_PRODUCT = YES;
			};
			name = Release;
		};
		4CBDC71C2618FDF800BD82B0 /* Debug */ = {
			isa = XCBuildConfiguration;
			baseConfigurationReference = F7F738C12C84576F09B663DD /* Pods-Flixster.debug.xcconfig */;
			buildSettings = {
				ASSETCATALOG_COMPILER_APPICON_NAME = AppIcon;
				ASSETCATALOG_COMPILER_GLOBAL_ACCENT_COLOR_NAME = AccentColor;
				CODE_SIGN_STYLE = Automatic;
				DEVELOPMENT_TEAM = 945LYSS69S;
				INFOPLIST_FILE = Flixster/Info.plist;
				LD_RUNPATH_SEARCH_PATHS = (
					"$(inherited)",
					"@executable_path/Frameworks",
				);
				PRODUCT_BUNDLE_IDENTIFIER = com.bennycai.Flixster;
				PRODUCT_NAME = "$(TARGET_NAME)";
				SWIFT_VERSION = 5.0;
				TARGETED_DEVICE_FAMILY = "1,2";
			};
			name = Debug;
		};
		4CBDC71D2618FDF800BD82B0 /* Release */ = {
			isa = XCBuildConfiguration;
			baseConfigurationReference = 711F8A5986D53D67C2C7B697 /* Pods-Flixster.release.xcconfig */;
			buildSettings = {
				ASSETCATALOG_COMPILER_APPICON_NAME = AppIcon;
				ASSETCATALOG_COMPILER_GLOBAL_ACCENT_COLOR_NAME = AccentColor;
				CODE_SIGN_STYLE = Automatic;
				DEVELOPMENT_TEAM = 945LYSS69S;
				INFOPLIST_FILE = Flixster/Info.plist;
				LD_RUNPATH_SEARCH_PATHS = (
					"$(inherited)",
					"@executable_path/Frameworks",
				);
				PRODUCT_BUNDLE_IDENTIFIER = com.bennycai.Flixster;
				PRODUCT_NAME = "$(TARGET_NAME)";
				SWIFT_VERSION = 5.0;
				TARGETED_DEVICE_FAMILY = "1,2";
			};
			name = Release;
		};
		4CBDC71F2618FDF800BD82B0 /* Debug */ = {
			isa = XCBuildConfiguration;
			baseConfigurationReference = 320F18221E854C4EB716F245 /* Pods-FlixsterTests.debug.xcconfig */;
			buildSettings = {
				ALWAYS_EMBED_SWIFT_STANDARD_LIBRARIES = YES;
				BUNDLE_LOADER = "$(TEST_HOST)";
				CODE_SIGN_STYLE = Automatic;
				INFOPLIST_FILE = FlixsterTests/Info.plist;
				IPHONEOS_DEPLOYMENT_TARGET = 14.4;
				LD_RUNPATH_SEARCH_PATHS = (
					"$(inherited)",
					"@executable_path/Frameworks",
					"@loader_path/Frameworks",
				);
				PRODUCT_BUNDLE_IDENTIFIER = com.bennycai.FlixsterTests;
				PRODUCT_NAME = "$(TARGET_NAME)";
				SWIFT_VERSION = 5.0;
				TARGETED_DEVICE_FAMILY = "1,2";
				TEST_HOST = "$(BUILT_PRODUCTS_DIR)/Flixster.app/Flixster";
			};
			name = Debug;
		};
		4CBDC7202618FDF800BD82B0 /* Release */ = {
			isa = XCBuildConfiguration;
			baseConfigurationReference = 3A63D31B5AF92247395E11C6 /* Pods-FlixsterTests.release.xcconfig */;
			buildSettings = {
				ALWAYS_EMBED_SWIFT_STANDARD_LIBRARIES = YES;
				BUNDLE_LOADER = "$(TEST_HOST)";
				CODE_SIGN_STYLE = Automatic;
				INFOPLIST_FILE = FlixsterTests/Info.plist;
				IPHONEOS_DEPLOYMENT_TARGET = 14.4;
				LD_RUNPATH_SEARCH_PATHS = (
					"$(inherited)",
					"@executable_path/Frameworks",
					"@loader_path/Frameworks",
				);
				PRODUCT_BUNDLE_IDENTIFIER = com.bennycai.FlixsterTests;
				PRODUCT_NAME = "$(TARGET_NAME)";
				SWIFT_VERSION = 5.0;
				TARGETED_DEVICE_FAMILY = "1,2";
				TEST_HOST = "$(BUILT_PRODUCTS_DIR)/Flixster.app/Flixster";
			};
			name = Release;
		};
		4CBDC7222618FDF800BD82B0 /* Debug */ = {
			isa = XCBuildConfiguration;
			baseConfigurationReference = E9F0C0CF986AEE3BD03A8DA7 /* Pods-Flixster-FlixsterUITests.debug.xcconfig */;
			buildSettings = {
				ALWAYS_EMBED_SWIFT_STANDARD_LIBRARIES = YES;
				CODE_SIGN_STYLE = Automatic;
				INFOPLIST_FILE = FlixsterUITests/Info.plist;
				LD_RUNPATH_SEARCH_PATHS = (
					"$(inherited)",
					"@executable_path/Frameworks",
					"@loader_path/Frameworks",
				);
				PRODUCT_BUNDLE_IDENTIFIER = com.bennycai.FlixsterUITests;
				PRODUCT_NAME = "$(TARGET_NAME)";
				SWIFT_VERSION = 5.0;
				TARGETED_DEVICE_FAMILY = "1,2";
				TEST_TARGET_NAME = Flixster;
			};
			name = Debug;
		};
		4CBDC7232618FDF800BD82B0 /* Release */ = {
			isa = XCBuildConfiguration;
			baseConfigurationReference = E7DDC878FFF27D7F480AE326 /* Pods-Flixster-FlixsterUITests.release.xcconfig */;
			buildSettings = {
				ALWAYS_EMBED_SWIFT_STANDARD_LIBRARIES = YES;
				CODE_SIGN_STYLE = Automatic;
				INFOPLIST_FILE = FlixsterUITests/Info.plist;
				LD_RUNPATH_SEARCH_PATHS = (
					"$(inherited)",
					"@executable_path/Frameworks",
					"@loader_path/Frameworks",
				);
				PRODUCT_BUNDLE_IDENTIFIER = com.bennycai.FlixsterUITests;
				PRODUCT_NAME = "$(TARGET_NAME)";
				SWIFT_VERSION = 5.0;
				TARGETED_DEVICE_FAMILY = "1,2";
				TEST_TARGET_NAME = Flixster;
			};
			name = Release;
		};
/* End XCBuildConfiguration section */

/* Begin XCConfigurationList section */
		4CBDC6EC2618FDF600BD82B0 /* Build configuration list for PBXProject "Flixster" */ = {
			isa = XCConfigurationList;
			buildConfigurations = (
				4CBDC7192618FDF800BD82B0 /* Debug */,
				4CBDC71A2618FDF800BD82B0 /* Release */,
			);
			defaultConfigurationIsVisible = 0;
			defaultConfigurationName = Release;
		};
		4CBDC71B2618FDF800BD82B0 /* Build configuration list for PBXNativeTarget "Flixster" */ = {
			isa = XCConfigurationList;
			buildConfigurations = (
				4CBDC71C2618FDF800BD82B0 /* Debug */,
				4CBDC71D2618FDF800BD82B0 /* Release */,
			);
			defaultConfigurationIsVisible = 0;
			defaultConfigurationName = Release;
		};
		4CBDC71E2618FDF800BD82B0 /* Build configuration list for PBXNativeTarget "FlixsterTests" */ = {
			isa = XCConfigurationList;
			buildConfigurations = (
				4CBDC71F2618FDF800BD82B0 /* Debug */,
				4CBDC7202618FDF800BD82B0 /* Release */,
			);
			defaultConfigurationIsVisible = 0;
			defaultConfigurationName = Release;
		};
		4CBDC7212618FDF800BD82B0 /* Build configuration list for PBXNativeTarget "FlixsterUITests" */ = {
			isa = XCConfigurationList;
			buildConfigurations = (
				4CBDC7222618FDF800BD82B0 /* Debug */,
				4CBDC7232618FDF800BD82B0 /* Release */,
			);
			defaultConfigurationIsVisible = 0;
			defaultConfigurationName = Release;
		};
/* End XCConfigurationList section */
	};
	rootObject = 4CBDC6E92618FDF600BD82B0 /* Project object */;
}
